
Microsoft Visual Studio Solution File, Format Version 12.00
# Visual Studio Version 17
VisualStudioVersion = 17.8.34511.84
MinimumVisualStudioVersion = 10.0.40219.1
Project("{8BC9CEB8-8B4A-11D0-8D11-00A0C91BC942}") = "EngineBase", "EngineBase\EngineBase.vcxproj", "{EA197215-13BB-4729-9573-DB483A0EE1A3}"
EndProject
Project("{8BC9CEB8-8B4A-11D0-8D11-00A0C91BC942}") = "EngineCore", "EngineCore\EngineCore.vcxproj", "{E900C797-09AD-46CE-9F93-4065214CF169}"
EndProject
Project("{8BC9CEB8-8B4A-11D0-8D11-00A0C91BC942}") = "EnginePlatform", "EnginePlatform\EnginePlatform.vcxproj", "{F0716EC2-0BC5-43EA-9046-B203E0985A67}"
EndProject
Project("{8BC9CEB8-8B4A-11D0-8D11-00A0C91BC942}") = "EngineShader", "EngineShader\EngineShader.vcxproj", "{48EA064C-43D1-448E-A47D-9534DB00D4F7}"
EndProject
Project("{8BC9CEB8-8B4A-11D0-8D11-00A0C91BC942}") = "HollowKnight", "HollowKnight\HollowKnight.vcxproj", "{0239F6F7-C179-4E57-BADE-7A01B386E474}"
	ProjectSection(ProjectDependencies) = postProject
		{E900C797-09AD-46CE-9F93-4065214CF169} = {E900C797-09AD-46CE-9F93-4065214CF169}
		{EA197215-13BB-4729-9573-DB483A0EE1A3} = {EA197215-13BB-4729-9573-DB483A0EE1A3}
		{F0716EC2-0BC5-43EA-9046-B203E0985A67} = {F0716EC2-0BC5-43EA-9046-B203E0985A67}
	EndProjectSection
EndProject
Project("{2150E333-8FDC-42A3-9474-1A3956D46DE8}") = "Level0", "Level0", "{DB907F31-2CA6-47AB-9B6B-4E23EBC0F6A7}"
EndProject
Project("{2150E333-8FDC-42A3-9474-1A3956D46DE8}") = "Level1", "Level1", "{61D36E2F-F9CF-4A96-8248-4D8A4B4327D7}"
EndProject
Project("{2150E333-8FDC-42A3-9474-1A3956D46DE8}") = "Level2", "Level2", "{EF669D09-5657-4651-AF9F-4E004D43416F}"
EndProject
Project("{2150E333-8FDC-42A3-9474-1A3956D46DE8}") = "Level3", "Level3", "{B0928A16-A9D1-4930-80D2-DCC6D911147E}"
EndProject
Project("{2150E333-8FDC-42A3-9474-1A3956D46DE8}") = "Level4", "Level4", "{4F5965A4-A47C-4F3C-AF8D-51A28EEAB26F}"
EndProject
Project("{8BC9CEB8-8B4A-11D0-8D11-00A0C91BC942}") = "CustomShader", "CustomShader\CustomShader.vcxproj", "{A22FDB8B-8563-4907-BD14-BCCA9CB79A42}"
EndProject
Project("{8BC9CEB8-8B4A-11D0-8D11-00A0C91BC942}") = "HN_App", "HN_App\HN_App.vcxproj", "{DDDA6FF6-DCEC-4290-B5EA-0F4463DDD941}"
	ProjectSection(ProjectDependencies) = postProject
		{0239F6F7-C179-4E57-BADE-7A01B386E474} = {0239F6F7-C179-4E57-BADE-7A01B386E474}
		{E900C797-09AD-46CE-9F93-4065214CF169} = {E900C797-09AD-46CE-9F93-4065214CF169}
		{EA197215-13BB-4729-9573-DB483A0EE1A3} = {EA197215-13BB-4729-9573-DB483A0EE1A3}
		{F0716EC2-0BC5-43EA-9046-B203E0985A67} = {F0716EC2-0BC5-43EA-9046-B203E0985A67}
	EndProjectSection
EndProject
Global
	GlobalSection(SolutionConfigurationPlatforms) = preSolution
		Debug|x64 = Debug|x64
		Debug|x86 = Debug|x86
		Release|x64 = Release|x64
		Release|x86 = Release|x86
	EndGlobalSection
	GlobalSection(ProjectConfigurationPlatforms) = postSolution
		{EA197215-13BB-4729-9573-DB483A0EE1A3}.Debug|x64.ActiveCfg = Debug|x64
		{EA197215-13BB-4729-9573-DB483A0EE1A3}.Debug|x64.Build.0 = Debug|x64
		{EA197215-13BB-4729-9573-DB483A0EE1A3}.Debug|x86.ActiveCfg = Debug|Win32
		{EA197215-13BB-4729-9573-DB483A0EE1A3}.Debug|x86.Build.0 = Debug|Win32
		{EA197215-13BB-4729-9573-DB483A0EE1A3}.Release|x64.ActiveCfg = Release|x64
		{EA197215-13BB-4729-9573-DB483A0EE1A3}.Release|x64.Build.0 = Release|x64
		{EA197215-13BB-4729-9573-DB483A0EE1A3}.Release|x86.ActiveCfg = Release|Win32
		{EA197215-13BB-4729-9573-DB483A0EE1A3}.Release|x86.Build.0 = Release|Win32
		{E900C797-09AD-46CE-9F93-4065214CF169}.Debug|x64.ActiveCfg = Debug|x64
		{E900C797-09AD-46CE-9F93-4065214CF169}.Debug|x64.Build.0 = Debug|x64
		{E900C797-09AD-46CE-9F93-4065214CF169}.Debug|x86.ActiveCfg = Debug|Win32
		{E900C797-09AD-46CE-9F93-4065214CF169}.Debug|x86.Build.0 = Debug|Win32
		{E900C797-09AD-46CE-9F93-4065214CF169}.Release|x64.ActiveCfg = Release|x64
		{E900C797-09AD-46CE-9F93-4065214CF169}.Release|x64.Build.0 = Release|x64
		{E900C797-09AD-46CE-9F93-4065214CF169}.Release|x86.ActiveCfg = Release|Win32
		{E900C797-09AD-46CE-9F93-4065214CF169}.Release|x86.Build.0 = Release|Win32
		{F0716EC2-0BC5-43EA-9046-B203E0985A67}.Debug|x64.ActiveCfg = Debug|x64
		{F0716EC2-0BC5-43EA-9046-B203E0985A67}.Debug|x64.Build.0 = Debug|x64
		{F0716EC2-0BC5-43EA-9046-B203E0985A67}.Debug|x86.ActiveCfg = Debug|Win32
		{F0716EC2-0BC5-43EA-9046-B203E0985A67}.Debug|x86.Build.0 = Debug|Win32
		{F0716EC2-0BC5-43EA-9046-B203E0985A67}.Release|x64.ActiveCfg = Release|x64
		{F0716EC2-0BC5-43EA-9046-B203E0985A67}.Release|x64.Build.0 = Release|x64
		{F0716EC2-0BC5-43EA-9046-B203E0985A67}.Release|x86.ActiveCfg = Release|Win32
		{F0716EC2-0BC5-43EA-9046-B203E0985A67}.Release|x86.Build.0 = Release|Win32
		{48EA064C-43D1-448E-A47D-9534DB00D4F7}.Debug|x64.ActiveCfg = Debug|x64
		{48EA064C-43D1-448E-A47D-9534DB00D4F7}.Debug|x64.Build.0 = Debug|x64
		{48EA064C-43D1-448E-A47D-9534DB00D4F7}.Debug|x86.ActiveCfg = Debug|Win32
		{48EA064C-43D1-448E-A47D-9534DB00D4F7}.Debug|x86.Build.0 = Debug|Win32
		{48EA064C-43D1-448E-A47D-9534DB00D4F7}.Release|x64.ActiveCfg = Release|x64
		{48EA064C-43D1-448E-A47D-9534DB00D4F7}.Release|x64.Build.0 = Release|x64
		{48EA064C-43D1-448E-A47D-9534DB00D4F7}.Release|x86.ActiveCfg = Release|Win32
		{48EA064C-43D1-448E-A47D-9534DB00D4F7}.Release|x86.Build.0 = Release|Win32
		{0239F6F7-C179-4E57-BADE-7A01B386E474}.Debug|x64.ActiveCfg = Debug|x64
		{0239F6F7-C179-4E57-BADE-7A01B386E474}.Debug|x64.Build.0 = Debug|x64
		{0239F6F7-C179-4E57-BADE-7A01B386E474}.Debug|x86.ActiveCfg = Debug|Win32
		{0239F6F7-C179-4E57-BADE-7A01B386E474}.Debug|x86.Build.0 = Debug|Win32
		{0239F6F7-C179-4E57-BADE-7A01B386E474}.Release|x64.ActiveCfg = Release|x64
		{0239F6F7-C179-4E57-BADE-7A01B386E474}.Release|x64.Build.0 = Release|x64
		{0239F6F7-C179-4E57-BADE-7A01B386E474}.Release|x86.ActiveCfg = Release|Win32
		{0239F6F7-C179-4E57-BADE-7A01B386E474}.Release|x86.Build.0 = Release|Win32
		{A22FDB8B-8563-4907-BD14-BCCA9CB79A42}.Debug|x64.ActiveCfg = Debug|x64
		{A22FDB8B-8563-4907-BD14-BCCA9CB79A42}.Debug|x64.Build.0 = Debug|x64
		{A22FDB8B-8563-4907-BD14-BCCA9CB79A42}.Debug|x86.ActiveCfg = Debug|Win32
		{A22FDB8B-8563-4907-BD14-BCCA9CB79A42}.Debug|x86.Build.0 = Debug|Win32
		{A22FDB8B-8563-4907-BD14-BCCA9CB79A42}.Release|x64.ActiveCfg = Release|x64
		{A22FDB8B-8563-4907-BD14-BCCA9CB79A42}.Release|x64.Build.0 = Release|x64
		{A22FDB8B-8563-4907-BD14-BCCA9CB79A42}.Release|x86.ActiveCfg = Release|Win32
		{A22FDB8B-8563-4907-BD14-BCCA9CB79A42}.Release|x86.Build.0 = Release|Win32
		{DDDA6FF6-DCEC-4290-B5EA-0F4463DDD941}.Debug|x64.ActiveCfg = Debug|x64
		{DDDA6FF6-DCEC-4290-B5EA-0F4463DDD941}.Debug|x64.Build.0 = Debug|x64
		{DDDA6FF6-DCEC-4290-B5EA-0F4463DDD941}.Debug|x86.ActiveCfg = Debug|Win32
		{DDDA6FF6-DCEC-4290-B5EA-0F4463DDD941}.Debug|x86.Build.0 = Debug|Win32
		{DDDA6FF6-DCEC-4290-B5EA-0F4463DDD941}.Release|x64.ActiveCfg = Release|x64
		{DDDA6FF6-DCEC-4290-B5EA-0F4463DDD941}.Release|x64.Build.0 = Release|x64
		{DDDA6FF6-DCEC-4290-B5EA-0F4463DDD941}.Release|x86.ActiveCfg = Release|Win32
		{DDDA6FF6-DCEC-4290-B5EA-0F4463DDD941}.Release|x86.Build.0 = Release|Win32
	EndGlobalSection
	GlobalSection(SolutionProperties) = preSolution
		HideSolutionNode = FALSE
	EndGlobalSection
	GlobalSection(NestedProjects) = preSolution
		{EA197215-13BB-4729-9573-DB483A0EE1A3} = {DB907F31-2CA6-47AB-9B6B-4E23EBC0F6A7}
		{E900C797-09AD-46CE-9F93-4065214CF169} = {EF669D09-5657-4651-AF9F-4E004D43416F}
		{F0716EC2-0BC5-43EA-9046-B203E0985A67} = {61D36E2F-F9CF-4A96-8248-4D8A4B4327D7}
		{48EA064C-43D1-448E-A47D-9534DB00D4F7} = {EF669D09-5657-4651-AF9F-4E004D43416F}
		{0239F6F7-C179-4E57-BADE-7A01B386E474} = {B0928A16-A9D1-4930-80D2-DCC6D911147E}
		{A22FDB8B-8563-4907-BD14-BCCA9CB79A42} = {B0928A16-A9D1-4930-80D2-DCC6D911147E}
		{DDDA6FF6-DCEC-4290-B5EA-0F4463DDD941} = {4F5965A4-A47C-4F3C-AF8D-51A28EEAB26F}
	EndGlobalSection
	GlobalSection(ExtensibilityGlobals) = postSolution
		SolutionGuid = {6EC227CB-0DCF-4060-9D97-25848975D633}
	EndGlobalSection
EndGlobal
