
Microsoft Visual Studio Solution File, Format Version 12.00
# Visual Studio Version 17
VisualStudioVersion = 17.9.34723.18
MinimumVisualStudioVersion = 10.0.40219.1
Project("{2150E333-8FDC-42A3-9474-1A3956D46DE8}") = "Level0", "Level0", "{371714AF-CBF6-4052-AE4A-3A31D020A33F}"
EndProject
Project("{2150E333-8FDC-42A3-9474-1A3956D46DE8}") = "Level1", "Level1", "{61F3361B-3F20-42EB-A5AD-FA1FB980ED2B}"
EndProject
Project("{2150E333-8FDC-42A3-9474-1A3956D46DE8}") = "Level2", "Level2", "{DEC63A94-0493-438A-8A6A-33AD642954BE}"
EndProject
Project("{2150E333-8FDC-42A3-9474-1A3956D46DE8}") = "Level3", "Level3", "{AF3C80CE-D26C-494C-B62E-9FB7C36EE176}"
EndProject
Project("{2150E333-8FDC-42A3-9474-1A3956D46DE8}") = "Level4", "Level4", "{4C641DF0-03C8-444F-B3FF-02850369E4CB}"
EndProject
Project("{8BC9CEB8-8B4A-11D0-8D11-00A0C91BC942}") = "EngineBase", "EngineBase\EngineBase.vcxproj", "{EA197215-13BB-4729-9573-DB483A0EE1A3}"
EndProject
Project("{8BC9CEB8-8B4A-11D0-8D11-00A0C91BC942}") = "EngineCore", "EngineCore\EngineCore.vcxproj", "{E900C797-09AD-46CE-9F93-4065214CF169}"
	ProjectSection(ProjectDependencies) = postProject
		{EA197215-13BB-4729-9573-DB483A0EE1A3} = {EA197215-13BB-4729-9573-DB483A0EE1A3}
		{F0716EC2-0BC5-43EA-9046-B203E0985A67} = {F0716EC2-0BC5-43EA-9046-B203E0985A67}
	EndProjectSection
EndProject
Project("{8BC9CEB8-8B4A-11D0-8D11-00A0C91BC942}") = "EnginePlatform", "EnginePlatform\EnginePlatform.vcxproj", "{F0716EC2-0BC5-43EA-9046-B203E0985A67}"
EndProject
Project("{8BC9CEB8-8B4A-11D0-8D11-00A0C91BC942}") = "EngineShader", "EngineShader\EngineShader.vcxproj", "{48EA064C-43D1-448E-A47D-9534DB00D4F7}"
EndProject
Project("{8BC9CEB8-8B4A-11D0-8D11-00A0C91BC942}") = "KatanaZero", "KatanaZero\KatanaZero.vcxproj", "{ACCBDADB-7EA3-4405-940C-6F5B0F28AD41}"
	ProjectSection(ProjectDependencies) = postProject
		{E900C797-09AD-46CE-9F93-4065214CF169} = {E900C797-09AD-46CE-9F93-4065214CF169}
		{EA197215-13BB-4729-9573-DB483A0EE1A3} = {EA197215-13BB-4729-9573-DB483A0EE1A3}
		{F0716EC2-0BC5-43EA-9046-B203E0985A67} = {F0716EC2-0BC5-43EA-9046-B203E0985A67}
	EndProjectSection
EndProject
Project("{8BC9CEB8-8B4A-11D0-8D11-00A0C91BC942}") = "KZApp", "KZApp\KZApp.vcxproj", "{7F8CA2BB-1C3E-4931-8EFC-BFB2B8F35495}"
	ProjectSection(ProjectDependencies) = postProject
		{ACCBDADB-7EA3-4405-940C-6F5B0F28AD41} = {ACCBDADB-7EA3-4405-940C-6F5B0F28AD41}
		{E900C797-09AD-46CE-9F93-4065214CF169} = {E900C797-09AD-46CE-9F93-4065214CF169}
		{EA197215-13BB-4729-9573-DB483A0EE1A3} = {EA197215-13BB-4729-9573-DB483A0EE1A3}
		{F0716EC2-0BC5-43EA-9046-B203E0985A67} = {F0716EC2-0BC5-43EA-9046-B203E0985A67}
	EndProjectSection
EndProject
Global
	GlobalSection(SolutionConfigurationPlatforms) = preSolution
		Debug|x64 = Debug|x64
		Debug|x86 = Debug|x86
		Release|x64 = Release|x64
		Release|x86 = Release|x86
	EndGlobalSection
	GlobalSection(ProjectConfigurationPlatforms) = postSolution
		{EA197215-13BB-4729-9573-DB483A0EE1A3}.Debug|x64.ActiveCfg = Debug|x64
		{EA197215-13BB-4729-9573-DB483A0EE1A3}.Debug|x64.Build.0 = Debug|x64
		{EA197215-13BB-4729-9573-DB483A0EE1A3}.Debug|x86.ActiveCfg = Debug|Win32
		{EA197215-13BB-4729-9573-DB483A0EE1A3}.Debug|x86.Build.0 = Debug|Win32
		{EA197215-13BB-4729-9573-DB483A0EE1A3}.Release|x64.ActiveCfg = Release|x64
		{EA197215-13BB-4729-9573-DB483A0EE1A3}.Release|x64.Build.0 = Release|x64
		{EA197215-13BB-4729-9573-DB483A0EE1A3}.Release|x86.ActiveCfg = Release|Win32
		{EA197215-13BB-4729-9573-DB483A0EE1A3}.Release|x86.Build.0 = Release|Win32
		{E900C797-09AD-46CE-9F93-4065214CF169}.Debug|x64.ActiveCfg = Debug|x64
		{E900C797-09AD-46CE-9F93-4065214CF169}.Debug|x64.Build.0 = Debug|x64
		{E900C797-09AD-46CE-9F93-4065214CF169}.Debug|x86.ActiveCfg = Debug|Win32
		{E900C797-09AD-46CE-9F93-4065214CF169}.Debug|x86.Build.0 = Debug|Win32
		{E900C797-09AD-46CE-9F93-4065214CF169}.Release|x64.ActiveCfg = Release|x64
		{E900C797-09AD-46CE-9F93-4065214CF169}.Release|x64.Build.0 = Release|x64
		{E900C797-09AD-46CE-9F93-4065214CF169}.Release|x86.ActiveCfg = Release|Win32
		{E900C797-09AD-46CE-9F93-4065214CF169}.Release|x86.Build.0 = Release|Win32
		{F0716EC2-0BC5-43EA-9046-B203E0985A67}.Debug|x64.ActiveCfg = Debug|x64
		{F0716EC2-0BC5-43EA-9046-B203E0985A67}.Debug|x64.Build.0 = Debug|x64
		{F0716EC2-0BC5-43EA-9046-B203E0985A67}.Debug|x86.ActiveCfg = Debug|Win32
		{F0716EC2-0BC5-43EA-9046-B203E0985A67}.Debug|x86.Build.0 = Debug|Win32
		{F0716EC2-0BC5-43EA-9046-B203E0985A67}.Release|x64.ActiveCfg = Release|x64
		{F0716EC2-0BC5-43EA-9046-B203E0985A67}.Release|x64.Build.0 = Release|x64
		{F0716EC2-0BC5-43EA-9046-B203E0985A67}.Release|x86.ActiveCfg = Release|Win32
		{F0716EC2-0BC5-43EA-9046-B203E0985A67}.Release|x86.Build.0 = Release|Win32
		{48EA064C-43D1-448E-A47D-9534DB00D4F7}.Debug|x64.ActiveCfg = Debug|x64
		{48EA064C-43D1-448E-A47D-9534DB00D4F7}.Debug|x64.Build.0 = Debug|x64
		{48EA064C-43D1-448E-A47D-9534DB00D4F7}.Debug|x86.ActiveCfg = Debug|Win32
		{48EA064C-43D1-448E-A47D-9534DB00D4F7}.Debug|x86.Build.0 = Debug|Win32
		{48EA064C-43D1-448E-A47D-9534DB00D4F7}.Release|x64.ActiveCfg = Release|x64
		{48EA064C-43D1-448E-A47D-9534DB00D4F7}.Release|x64.Build.0 = Release|x64
		{48EA064C-43D1-448E-A47D-9534DB00D4F7}.Release|x86.ActiveCfg = Release|Win32
		{48EA064C-43D1-448E-A47D-9534DB00D4F7}.Release|x86.Build.0 = Release|Win32
		{ACCBDADB-7EA3-4405-940C-6F5B0F28AD41}.Debug|x64.ActiveCfg = Debug|x64
		{ACCBDADB-7EA3-4405-940C-6F5B0F28AD41}.Debug|x64.Build.0 = Debug|x64
		{ACCBDADB-7EA3-4405-940C-6F5B0F28AD41}.Debug|x86.ActiveCfg = Debug|Win32
		{ACCBDADB-7EA3-4405-940C-6F5B0F28AD41}.Debug|x86.Build.0 = Debug|Win32
		{ACCBDADB-7EA3-4405-940C-6F5B0F28AD41}.Release|x64.ActiveCfg = Release|x64
		{ACCBDADB-7EA3-4405-940C-6F5B0F28AD41}.Release|x64.Build.0 = Release|x64
		{ACCBDADB-7EA3-4405-940C-6F5B0F28AD41}.Release|x86.ActiveCfg = Release|Win32
		{ACCBDADB-7EA3-4405-940C-6F5B0F28AD41}.Release|x86.Build.0 = Release|Win32
		{7F8CA2BB-1C3E-4931-8EFC-BFB2B8F35495}.Debug|x64.ActiveCfg = Debug|x64
		{7F8CA2BB-1C3E-4931-8EFC-BFB2B8F35495}.Debug|x64.Build.0 = Debug|x64
		{7F8CA2BB-1C3E-4931-8EFC-BFB2B8F35495}.Debug|x86.ActiveCfg = Debug|Win32
		{7F8CA2BB-1C3E-4931-8EFC-BFB2B8F35495}.Debug|x86.Build.0 = Debug|Win32
		{7F8CA2BB-1C3E-4931-8EFC-BFB2B8F35495}.Release|x64.ActiveCfg = Release|x64
		{7F8CA2BB-1C3E-4931-8EFC-BFB2B8F35495}.Release|x64.Build.0 = Release|x64
		{7F8CA2BB-1C3E-4931-8EFC-BFB2B8F35495}.Release|x86.ActiveCfg = Release|Win32
		{7F8CA2BB-1C3E-4931-8EFC-BFB2B8F35495}.Release|x86.Build.0 = Release|Win32
	EndGlobalSection
	GlobalSection(SolutionProperties) = preSolution
		HideSolutionNode = FALSE
	EndGlobalSection
	GlobalSection(NestedProjects) = preSolution
		{EA197215-13BB-4729-9573-DB483A0EE1A3} = {371714AF-CBF6-4052-AE4A-3A31D020A33F}
		{E900C797-09AD-46CE-9F93-4065214CF169} = {DEC63A94-0493-438A-8A6A-33AD642954BE}
		{F0716EC2-0BC5-43EA-9046-B203E0985A67} = {61F3361B-3F20-42EB-A5AD-FA1FB980ED2B}
		{48EA064C-43D1-448E-A47D-9534DB00D4F7} = {DEC63A94-0493-438A-8A6A-33AD642954BE}
		{ACCBDADB-7EA3-4405-940C-6F5B0F28AD41} = {AF3C80CE-D26C-494C-B62E-9FB7C36EE176}
		{7F8CA2BB-1C3E-4931-8EFC-BFB2B8F35495} = {4C641DF0-03C8-444F-B3FF-02850369E4CB}
	EndGlobalSection
	GlobalSection(ExtensibilityGlobals) = postSolution
		SolutionGuid = {39B03D2A-2970-494A-B507-82C8C42B368F}
	EndGlobalSection
EndGlobal
