<?xml version="1.0" encoding="utf-8"?>
<Project ToolsVersion="4.0" xmlns="http://schemas.microsoft.com/developer/msbuild/2003">
  <ItemGroup>
    <Filter Include="Core">
      <UniqueIdentifier>{655a8286-4a9c-41e6-9815-bbc1d65c9882}</UniqueIdentifier>
    </Filter>
    <Filter Include="Level">
      <UniqueIdentifier>{6cc1b8c3-592b-4f69-b50d-f3117ecced7d}</UniqueIdentifier>
    </Filter>
    <Filter Include="Level\PlayLevel">
      <UniqueIdentifier>{b7f67844-9ce7-43b7-8eb3-8bff339e8241}</UniqueIdentifier>
    </Filter>
    <Filter Include="Level\PlayLevel\Actor">
      <UniqueIdentifier>{f1a90613-53cb-4dff-be85-685b7b2804c3}</UniqueIdentifier>
    </Filter>
    <Filter Include="PreCompile">
      <UniqueIdentifier>{4d3248fd-d86e-4188-bfba-b92b1ae2f8f3}</UniqueIdentifier>
    </Filter>
    <Filter Include="Helper">
      <UniqueIdentifier>{2b144aae-ae28-404e-a825-6419cd122eeb}</UniqueIdentifier>
    </Filter>
  </ItemGroup>
  <ItemGroup>
    <ClCompile Include="KatanaZeroCore.cpp">
      <Filter>Core</Filter>
    </ClCompile>
    <ClCompile Include="PreCompile.cpp">
      <Filter>PreCompile</Filter>
    </ClCompile>
    <ClCompile Include="PlayGameMode.cpp">
      <Filter>Level\PlayLevel</Filter>
    </ClCompile>
    <ClCompile Include="BackGroundMap.cpp">
      <Filter>Level\PlayLevel\Actor</Filter>
    </ClCompile>
    <ClCompile Include="ConstValueHelper.cpp">
      <Filter>Helper</Filter>
    </ClCompile>
    <ClCompile Include="Player.cpp">
      <Filter>Level\PlayLevel\Actor</Filter>
    </ClCompile>
  </ItemGroup>
  <ItemGroup>
    <ClInclude Include="KatanaZeroCore.h">
      <Filter>Core</Filter>
    </ClInclude>
    <ClInclude Include="PreCompile.h">
      <Filter>PreCompile</Filter>
    </ClInclude>
    <ClInclude Include="PlayGameMode.h">
      <Filter>Level\PlayLevel</Filter>
    </ClInclude>
    <ClInclude Include="BackGroundMap.h">
      <Filter>Level\PlayLevel\Actor</Filter>
    </ClInclude>
    <ClInclude Include="EnumHelper.h">
      <Filter>Helper</Filter>
    </ClInclude>
    <ClInclude Include="ConstValueHelper.h">
      <Filter>Helper</Filter>
    </ClInclude>
    <ClInclude Include="Player.h">
      <Filter>Level\PlayLevel\Actor</Filter>
    </ClInclude>
  </ItemGroup>
</Project>