<?xml version="1.0" encoding="utf-8"?>
<Project ToolsVersion="4.0" xmlns="http://schemas.microsoft.com/developer/msbuild/2003">
  <ItemGroup>
    <Filter Include="Core">
      <UniqueIdentifier>{655a8286-4a9c-41e6-9815-bbc1d65c9882}</UniqueIdentifier>
    </Filter>
    <Filter Include="Level">
      <UniqueIdentifier>{6cc1b8c3-592b-4f69-b50d-f3117ecced7d}</UniqueIdentifier>
    </Filter>
    <Filter Include="PreCompile">
      <UniqueIdentifier>{4d3248fd-d86e-4188-bfba-b92b1ae2f8f3}</UniqueIdentifier>
    </Filter>
    <Filter Include="Helper">
      <UniqueIdentifier>{2b144aae-ae28-404e-a825-6419cd122eeb}</UniqueIdentifier>
    </Filter>
    <Filter Include="Actor">
      <UniqueIdentifier>{f1a90613-53cb-4dff-be85-685b7b2804c3}</UniqueIdentifier>
    </Filter>
    <Filter Include="Actor\Player">
      <UniqueIdentifier>{c3151de0-efe5-40bb-99ff-ce85ef725c40}</UniqueIdentifier>
    </Filter>
    <Filter Include="Actor\Map">
      <UniqueIdentifier>{432a0810-31f4-4ad6-88ef-08c50574be6f}</UniqueIdentifier>
    </Filter>
    <Filter Include="Actor\Player\FX">
      <UniqueIdentifier>{353d1c73-470d-4d0e-980a-0a34421c120c}</UniqueIdentifier>
    </Filter>
    <Filter Include="Actor\Enemy">
      <UniqueIdentifier>{aa806eea-2cbd-42c1-b7c7-de91ebc10cef}</UniqueIdentifier>
    </Filter>
    <Filter Include="Actor\Enemy\Grunt">
      <UniqueIdentifier>{41a572de-2931-49d0-9c82-c7ef25cdb69a}</UniqueIdentifier>
    </Filter>
    <Filter Include="Actor\Enemy\Cop">
      <UniqueIdentifier>{0e4a946d-42cc-4fd0-973b-bf865992a43f}</UniqueIdentifier>
    </Filter>
    <Filter Include="Actor\Enemy\Pomp">
      <UniqueIdentifier>{70407adb-942f-4ff7-aa56-35efa7b920d3}</UniqueIdentifier>
    </Filter>
    <Filter Include="Actor\Collision">
      <UniqueIdentifier>{b1bbb56e-6b7e-4190-98c2-fc29d132a474}</UniqueIdentifier>
    </Filter>
    <Filter Include="Actor\ThrowItem">
      <UniqueIdentifier>{c3fbdacd-b7e6-4151-97e6-40467f3eb818}</UniqueIdentifier>
    </Filter>
    <Filter Include="Actor\UI">
      <UniqueIdentifier>{bce76771-34ca-4012-8789-88aff52b524e}</UniqueIdentifier>
    </Filter>
    <Filter Include="Level\1.Factory">
      <UniqueIdentifier>{89e3c5d1-3e2f-48c8-95c4-c6db26fb4795}</UniqueIdentifier>
    </Filter>
    <Filter Include="Level\1.Factory\Factory_0">
      <UniqueIdentifier>{4177c9d4-fa89-4e92-be75-92347d1e53a8}</UniqueIdentifier>
    </Filter>
    <Filter Include="Actor\Enemy\Gangster">
      <UniqueIdentifier>{17441ef9-48f7-433e-ba77-05c959cd4891}</UniqueIdentifier>
    </Filter>
    <Filter Include="Level\1.Factory\Factroy_2">
      <UniqueIdentifier>{16d09f88-dfc9-45ae-9f44-4b2fb4855f8d}</UniqueIdentifier>
    </Filter>
    <Filter Include="Level\1.Factory\Factory_3">
      <UniqueIdentifier>{faea6704-d476-4103-ba1b-23e3b180293c}</UniqueIdentifier>
    </Filter>
    <Filter Include="Actor\Object">
      <UniqueIdentifier>{d318e610-c885-44f1-b73d-06fffb21fd3b}</UniqueIdentifier>
    </Filter>
    <Filter Include="Actor\Object\FanBlade">
      <UniqueIdentifier>{e9b03010-e4ea-4a94-8dcd-14e8eb667b93}</UniqueIdentifier>
    </Filter>
    <Filter Include="Actor\Object\Door">
      <UniqueIdentifier>{c178645f-7af1-4c9e-b469-7167ec20d7c4}</UniqueIdentifier>
    </Filter>
    <Filter Include="Actor\Object\Laser">
      <UniqueIdentifier>{0013e7a3-9649-4630-afd1-1570d6b728c5}</UniqueIdentifier>
    </Filter>
  </ItemGroup>
  <ItemGroup>
    <ClCompile Include="KatanaZeroCore.cpp">
      <Filter>Core</Filter>
    </ClCompile>
    <ClCompile Include="PreCompile.cpp">
      <Filter>PreCompile</Filter>
    </ClCompile>
    <ClCompile Include="ContentsHelper.cpp">
      <Filter>Helper</Filter>
    </ClCompile>
    <ClCompile Include="Player_State.cpp">
      <Filter>Actor\Player</Filter>
    </ClCompile>
    <ClCompile Include="BackGroundMap.cpp">
      <Filter>Actor\Map</Filter>
    </ClCompile>
    <ClCompile Include="PlayerJumpFX.cpp">
      <Filter>Actor\Player\FX</Filter>
    </ClCompile>
    <ClCompile Include="PlayerLandFX.cpp">
      <Filter>Actor\Player\FX</Filter>
    </ClCompile>
    <ClCompile Include="PlayerDustFX.cpp">
      <Filter>Actor\Player\FX</Filter>
    </ClCompile>
    <ClCompile Include="PlayerSlashFX.cpp">
      <Filter>Actor\Player\FX</Filter>
    </ClCompile>
    <ClCompile Include="Cursor.cpp">
      <Filter>Actor</Filter>
    </ClCompile>
    <ClCompile Include="FXBase.cpp">
      <Filter>Actor</Filter>
    </ClCompile>
    <ClCompile Include="Grunt.cpp">
      <Filter>Actor\Enemy\Grunt</Filter>
    </ClCompile>
    <ClCompile Include="Player.cpp">
      <Filter>Actor\Player</Filter>
    </ClCompile>
    <ClCompile Include="Cop.cpp">
      <Filter>Actor\Enemy\Cop</Filter>
    </ClCompile>
    <ClCompile Include="Bullet.cpp">
      <Filter>Actor</Filter>
    </ClCompile>
    <ClCompile Include="Pomp.cpp">
      <Filter>Actor\Enemy\Pomp</Filter>
    </ClCompile>
    <ClCompile Include="PompSlashFX.cpp">
      <Filter>Actor\Enemy\Pomp</Filter>
    </ClCompile>
    <ClCompile Include="Enemy.cpp">
      <Filter>Actor\Enemy</Filter>
    </ClCompile>
    <ClCompile Include="GruntSlashFX.cpp">
      <Filter>Actor\Enemy\Grunt</Filter>
    </ClCompile>
    <ClCompile Include="ActionCollider.cpp">
      <Filter>Actor\Collision</Filter>
    </ClCompile>
    <ClCompile Include="Item.cpp">
      <Filter>Actor\ThrowItem</Filter>
    </ClCompile>
    <ClCompile Include="Knife.cpp">
      <Filter>Actor\ThrowItem</Filter>
    </ClCompile>
    <ClCompile Include="FireBottle.cpp">
      <Filter>Actor\ThrowItem</Filter>
    </ClCompile>
    <ClCompile Include="Bottle.cpp">
      <Filter>Actor\ThrowItem</Filter>
    </ClCompile>
    <ClCompile Include="Smoke.cpp">
      <Filter>Actor\ThrowItem</Filter>
    </ClCompile>
    <ClCompile Include="UIBase.cpp">
      <Filter>Actor\UI</Filter>
    </ClCompile>
    <ClCompile Include="UIBoard.cpp">
      <Filter>Actor\UI</Filter>
    </ClCompile>
    <ClCompile Include="BatteryBody.cpp">
      <Filter>Actor\UI</Filter>
    </ClCompile>
    <ClCompile Include="TimerBoard.cpp">
      <Filter>Actor\UI</Filter>
    </ClCompile>
    <ClCompile Include="WeaponSlot.cpp">
      <Filter>Actor\UI</Filter>
    </ClCompile>
    <ClCompile Include="ItemIcon.cpp">
      <Filter>Actor\UI</Filter>
    </ClCompile>
    <ClCompile Include="KatanaIcon.cpp">
      <Filter>Actor\UI</Filter>
    </ClCompile>
    <ClCompile Include="Factory_0.cpp">
      <Filter>Level\1.Factory\Factory_0</Filter>
    </ClCompile>
    <ClCompile Include="BackMap_F0.cpp">
      <Filter>Level\1.Factory\Factory_0</Filter>
    </ClCompile>
    <ClCompile Include="Gangster.cpp">
      <Filter>Actor\Enemy\Gangster</Filter>
    </ClCompile>
    <ClCompile Include="Factory_2.cpp">
      <Filter>Level\1.Factory\Factroy_2</Filter>
    </ClCompile>
    <ClCompile Include="BackMap_F2.cpp">
      <Filter>Level\1.Factory\Factroy_2</Filter>
    </ClCompile>
    <ClCompile Include="KZGameMode.cpp">
      <Filter>Level</Filter>
    </ClCompile>
    <ClCompile Include="BackMap_F3.cpp">
      <Filter>Level\1.Factory\Factory_3</Filter>
    </ClCompile>
    <ClCompile Include="Factory_3.cpp">
      <Filter>Level\1.Factory\Factory_3</Filter>
    </ClCompile>
    <ClCompile Include="BloodFX.cpp">
      <Filter>Actor</Filter>
    </ClCompile>
    <ClCompile Include="FanBlade.cpp">
      <Filter>Actor\Object\FanBlade</Filter>
    </ClCompile>
    <ClCompile Include="FanFront.cpp">
      <Filter>Actor\Object\FanBlade</Filter>
    </ClCompile>
    <ClCompile Include="Door.cpp">
      <Filter>Actor\Object\Door</Filter>
    </ClCompile>
    <ClCompile Include="LaserLauncher.cpp">
      <Filter>Actor\Object\Laser</Filter>
    </ClCompile>
    <ClCompile Include="Laser.cpp">
      <Filter>Actor\Object\Laser</Filter>
    </ClCompile>
  </ItemGroup>
  <ItemGroup>
    <ClInclude Include="KatanaZeroCore.h">
      <Filter>Core</Filter>
    </ClInclude>
    <ClInclude Include="PreCompile.h">
      <Filter>PreCompile</Filter>
    </ClInclude>
    <ClInclude Include="ContentsHelper.h">
      <Filter>Helper</Filter>
    </ClInclude>
    <ClInclude Include="Player.h">
      <Filter>Actor\Player</Filter>
    </ClInclude>
    <ClInclude Include="BackGroundMap.h">
      <Filter>Actor\Map</Filter>
    </ClInclude>
    <ClInclude Include="PlayerJumpFX.h">
      <Filter>Actor\Player\FX</Filter>
    </ClInclude>
    <ClInclude Include="PlayerLandFX.h">
      <Filter>Actor\Player\FX</Filter>
    </ClInclude>
    <ClInclude Include="PlayerDustFX.h">
      <Filter>Actor\Player\FX</Filter>
    </ClInclude>
    <ClInclude Include="PlayerSlashFX.h">
      <Filter>Actor\Player\FX</Filter>
    </ClInclude>
    <ClInclude Include="Cursor.h">
      <Filter>Actor</Filter>
    </ClInclude>
    <ClInclude Include="FXBase.h">
      <Filter>Actor</Filter>
    </ClInclude>
    <ClInclude Include="Grunt.h">
      <Filter>Actor\Enemy\Grunt</Filter>
    </ClInclude>
    <ClInclude Include="Cop.h">
      <Filter>Actor\Enemy\Cop</Filter>
    </ClInclude>
    <ClInclude Include="Bullet.h">
      <Filter>Actor</Filter>
    </ClInclude>
    <ClInclude Include="Pomp.h">
      <Filter>Actor\Enemy\Pomp</Filter>
    </ClInclude>
    <ClInclude Include="PompSlashFX.h">
      <Filter>Actor\Enemy\Pomp</Filter>
    </ClInclude>
    <ClInclude Include="Enemy.h">
      <Filter>Actor\Enemy</Filter>
    </ClInclude>
    <ClInclude Include="GruntSlashFX.h">
      <Filter>Actor\Enemy\Grunt</Filter>
    </ClInclude>
    <ClInclude Include="ActionCollider.h">
      <Filter>Actor\Collision</Filter>
    </ClInclude>
    <ClInclude Include="Item.h">
      <Filter>Actor\ThrowItem</Filter>
    </ClInclude>
    <ClInclude Include="Knife.h">
      <Filter>Actor\ThrowItem</Filter>
    </ClInclude>
    <ClInclude Include="FireBottle.h">
      <Filter>Actor\ThrowItem</Filter>
    </ClInclude>
    <ClInclude Include="Bottle.h">
      <Filter>Actor\ThrowItem</Filter>
    </ClInclude>
    <ClInclude Include="Smoke.h">
      <Filter>Actor\ThrowItem</Filter>
    </ClInclude>
    <ClInclude Include="UIBase.h">
      <Filter>Actor\UI</Filter>
    </ClInclude>
    <ClInclude Include="UIBoard.h">
      <Filter>Actor\UI</Filter>
    </ClInclude>
    <ClInclude Include="BatteryBody.h">
      <Filter>Actor\UI</Filter>
    </ClInclude>
    <ClInclude Include="TimerBoard.h">
      <Filter>Actor\UI</Filter>
    </ClInclude>
    <ClInclude Include="WeaponSlot.h">
      <Filter>Actor\UI</Filter>
    </ClInclude>
    <ClInclude Include="ItemIcon.h">
      <Filter>Actor\UI</Filter>
    </ClInclude>
    <ClInclude Include="KatanaIcon.h">
      <Filter>Actor\UI</Filter>
    </ClInclude>
    <ClInclude Include="Factory_0.h">
      <Filter>Level\1.Factory\Factory_0</Filter>
    </ClInclude>
    <ClInclude Include="BackMap_F0.h">
      <Filter>Level\1.Factory\Factory_0</Filter>
    </ClInclude>
    <ClInclude Include="Gangster.h">
      <Filter>Actor\Enemy\Gangster</Filter>
    </ClInclude>
    <ClInclude Include="Factory_2.h">
      <Filter>Level\1.Factory\Factroy_2</Filter>
    </ClInclude>
    <ClInclude Include="BackMap_F2.h">
      <Filter>Level\1.Factory\Factroy_2</Filter>
    </ClInclude>
    <ClInclude Include="KZGameMode.h">
      <Filter>Level</Filter>
    </ClInclude>
    <ClInclude Include="BackMap_F3.h">
      <Filter>Level\1.Factory\Factory_3</Filter>
    </ClInclude>
    <ClInclude Include="Factory_3.h">
      <Filter>Level\1.Factory\Factory_3</Filter>
    </ClInclude>
    <ClInclude Include="BloodFX.h">
      <Filter>Actor</Filter>
    </ClInclude>
    <ClInclude Include="FanBlade.h">
      <Filter>Actor\Object\FanBlade</Filter>
    </ClInclude>
    <ClInclude Include="FanFront.h">
      <Filter>Actor\Object\FanBlade</Filter>
    </ClInclude>
    <ClInclude Include="Door.h">
      <Filter>Actor\Object\Door</Filter>
    </ClInclude>
    <ClInclude Include="LaserLauncher.h">
      <Filter>Actor\Object\Laser</Filter>
    </ClInclude>
    <ClInclude Include="Laser.h">
      <Filter>Actor\Object\Laser</Filter>
    </ClInclude>
  </ItemGroup>
</Project>