<?xml version="1.0" encoding="utf-8"?>
<Project ToolsVersion="4.0" xmlns="http://schemas.microsoft.com/developer/msbuild/2003">
  <ItemGroup>
    <Filter Include="Core">
      <UniqueIdentifier>{655a8286-4a9c-41e6-9815-bbc1d65c9882}</UniqueIdentifier>
    </Filter>
    <Filter Include="Level">
      <UniqueIdentifier>{6cc1b8c3-592b-4f69-b50d-f3117ecced7d}</UniqueIdentifier>
    </Filter>
    <Filter Include="Level\PlayLevel">
      <UniqueIdentifier>{b7f67844-9ce7-43b7-8eb3-8bff339e8241}</UniqueIdentifier>
    </Filter>
    <Filter Include="PreCompile">
      <UniqueIdentifier>{4d3248fd-d86e-4188-bfba-b92b1ae2f8f3}</UniqueIdentifier>
    </Filter>
    <Filter Include="Helper">
      <UniqueIdentifier>{2b144aae-ae28-404e-a825-6419cd122eeb}</UniqueIdentifier>
    </Filter>
    <Filter Include="Actor">
      <UniqueIdentifier>{f1a90613-53cb-4dff-be85-685b7b2804c3}</UniqueIdentifier>
    </Filter>
    <Filter Include="Actor\Player">
      <UniqueIdentifier>{c3151de0-efe5-40bb-99ff-ce85ef725c40}</UniqueIdentifier>
    </Filter>
    <Filter Include="Actor\Map">
      <UniqueIdentifier>{432a0810-31f4-4ad6-88ef-08c50574be6f}</UniqueIdentifier>
    </Filter>
    <Filter Include="Actor\Player\FX">
      <UniqueIdentifier>{353d1c73-470d-4d0e-980a-0a34421c120c}</UniqueIdentifier>
    </Filter>
    <Filter Include="Actor\Enemy">
      <UniqueIdentifier>{aa806eea-2cbd-42c1-b7c7-de91ebc10cef}</UniqueIdentifier>
    </Filter>
    <Filter Include="Actor\Enemy\Grunt">
      <UniqueIdentifier>{41a572de-2931-49d0-9c82-c7ef25cdb69a}</UniqueIdentifier>
    </Filter>
    <Filter Include="Actor\Enemy\Cop">
      <UniqueIdentifier>{0e4a946d-42cc-4fd0-973b-bf865992a43f}</UniqueIdentifier>
    </Filter>
  </ItemGroup>
  <ItemGroup>
    <ClCompile Include="KatanaZeroCore.cpp">
      <Filter>Core</Filter>
    </ClCompile>
    <ClCompile Include="PreCompile.cpp">
      <Filter>PreCompile</Filter>
    </ClCompile>
    <ClCompile Include="PlayGameMode.cpp">
      <Filter>Level\PlayLevel</Filter>
    </ClCompile>
    <ClCompile Include="ContentsHelper.cpp">
      <Filter>Helper</Filter>
    </ClCompile>
    <ClCompile Include="Player_State.cpp">
      <Filter>Actor\Player</Filter>
    </ClCompile>
    <ClCompile Include="BackGroundMap.cpp">
      <Filter>Actor\Map</Filter>
    </ClCompile>
    <ClCompile Include="PlayerJumpFX.cpp">
      <Filter>Actor\Player\FX</Filter>
    </ClCompile>
    <ClCompile Include="PlayerLandFX.cpp">
      <Filter>Actor\Player\FX</Filter>
    </ClCompile>
    <ClCompile Include="PlayerDustFX.cpp">
      <Filter>Actor\Player\FX</Filter>
    </ClCompile>
    <ClCompile Include="PlayerSlashFX.cpp">
      <Filter>Actor\Player\FX</Filter>
    </ClCompile>
    <ClCompile Include="Cursor.cpp">
      <Filter>Actor</Filter>
    </ClCompile>
    <ClCompile Include="FXBase.cpp">
      <Filter>Actor</Filter>
    </ClCompile>
    <ClCompile Include="CameraManager.cpp">
      <Filter>Helper</Filter>
    </ClCompile>
    <ClCompile Include="Grunt.cpp">
      <Filter>Actor\Enemy\Grunt</Filter>
    </ClCompile>
    <ClCompile Include="Enemy.cpp">
      <Filter>Actor</Filter>
    </ClCompile>
    <ClCompile Include="Player.cpp">
      <Filter>Actor\Player</Filter>
    </ClCompile>
    <ClCompile Include="Cop.cpp">
      <Filter>Actor\Enemy\Cop</Filter>
    </ClCompile>
    <ClCompile Include="Bullet.cpp">
      <Filter>Actor</Filter>
    </ClCompile>
  </ItemGroup>
  <ItemGroup>
    <ClInclude Include="KatanaZeroCore.h">
      <Filter>Core</Filter>
    </ClInclude>
    <ClInclude Include="PreCompile.h">
      <Filter>PreCompile</Filter>
    </ClInclude>
    <ClInclude Include="PlayGameMode.h">
      <Filter>Level\PlayLevel</Filter>
    </ClInclude>
    <ClInclude Include="ContentsHelper.h">
      <Filter>Helper</Filter>
    </ClInclude>
    <ClInclude Include="Player.h">
      <Filter>Actor\Player</Filter>
    </ClInclude>
    <ClInclude Include="BackGroundMap.h">
      <Filter>Actor\Map</Filter>
    </ClInclude>
    <ClInclude Include="PlayerJumpFX.h">
      <Filter>Actor\Player\FX</Filter>
    </ClInclude>
    <ClInclude Include="PlayerLandFX.h">
      <Filter>Actor\Player\FX</Filter>
    </ClInclude>
    <ClInclude Include="PlayerDustFX.h">
      <Filter>Actor\Player\FX</Filter>
    </ClInclude>
    <ClInclude Include="PlayerSlashFX.h">
      <Filter>Actor\Player\FX</Filter>
    </ClInclude>
    <ClInclude Include="Cursor.h">
      <Filter>Actor</Filter>
    </ClInclude>
    <ClInclude Include="FXBase.h">
      <Filter>Actor</Filter>
    </ClInclude>
    <ClInclude Include="CameraManager.h">
      <Filter>Helper</Filter>
    </ClInclude>
    <ClInclude Include="Grunt.h">
      <Filter>Actor\Enemy\Grunt</Filter>
    </ClInclude>
    <ClInclude Include="Enemy.h">
      <Filter>Actor</Filter>
    </ClInclude>
    <ClInclude Include="Cop.h">
      <Filter>Actor\Enemy\Cop</Filter>
    </ClInclude>
    <ClInclude Include="Bullet.h">
      <Filter>Actor</Filter>
    </ClInclude>
  </ItemGroup>
</Project>