<?xml version="1.0" encoding="utf-8"?>
<Project ToolsVersion="4.0" xmlns="http://schemas.microsoft.com/developer/msbuild/2003">
  <ItemGroup>
    <Filter Include="Core">
      <UniqueIdentifier>{279c4633-b254-42e0-b735-76427b322752}</UniqueIdentifier>
    </Filter>
    <Filter Include="Level">
      <UniqueIdentifier>{fbca9c56-ef08-49e6-a5a9-6ca1b86a7209}</UniqueIdentifier>
    </Filter>
    <Filter Include="PreCompile">
      <UniqueIdentifier>{10527a4b-c57a-4dd0-973b-27074983706a}</UniqueIdentifier>
    </Filter>
    <Filter Include="Level\PlayLevel">
      <UniqueIdentifier>{72b614a4-9706-426d-b882-eaa523d1f2bd}</UniqueIdentifier>
    </Filter>
    <Filter Include="Level\PlayLevel\Object">
      <UniqueIdentifier>{e62409ba-b4ab-43d3-ac31-f07fe9b36305}</UniqueIdentifier>
    </Filter>
    <Filter Include="Level\PlayLevel\Object\Tetris">
      <UniqueIdentifier>{f9b74c74-fdac-4789-8869-196b2e43d632}</UniqueIdentifier>
    </Filter>
    <Filter Include="Level\PlayLevel\Object\Puyo">
      <UniqueIdentifier>{bc8428d9-38ae-4068-865d-964df046b7cf}</UniqueIdentifier>
    </Filter>
  </ItemGroup>
  <ItemGroup>
    <ClInclude Include="PlayGameMode.h">
      <Filter>Level\PlayLevel</Filter>
    </ClInclude>
    <ClInclude Include="PuyoPuyoTetrisCore.h">
      <Filter>Core</Filter>
    </ClInclude>
    <ClInclude Include="PreCompile.h">
      <Filter>PreCompile</Filter>
    </ClInclude>
    <ClInclude Include="Board.h">
      <Filter>Level\PlayLevel\Object</Filter>
    </ClInclude>
    <ClInclude Include="Element.h">
      <Filter>Level\PlayLevel\Object</Filter>
    </ClInclude>
    <ClInclude Include="TetrisElement.h">
      <Filter>Level\PlayLevel\Object\Tetris</Filter>
    </ClInclude>
    <ClInclude Include="PuyoElement.h">
      <Filter>Level\PlayLevel\Object\Puyo</Filter>
    </ClInclude>
    <ClInclude Include="PuyoBoard.h">
      <Filter>Level\PlayLevel\Object\Puyo</Filter>
    </ClInclude>
    <ClInclude Include="TetrisBoard.h">
      <Filter>Level\PlayLevel\Object\Tetris</Filter>
    </ClInclude>
    <ClInclude Include="TetrisElementBundle.h">
      <Filter>Level\PlayLevel\Object\Tetris</Filter>
    </ClInclude>
  </ItemGroup>
  <ItemGroup>
    <ClCompile Include="PlayGameMode.cpp">
      <Filter>Level\PlayLevel</Filter>
    </ClCompile>
    <ClCompile Include="PuyoPuyoTetrisCore.cpp">
      <Filter>Core</Filter>
    </ClCompile>
    <ClCompile Include="PreCompile.cpp">
      <Filter>PreCompile</Filter>
    </ClCompile>
    <ClCompile Include="Board.cpp">
      <Filter>Level\PlayLevel\Object</Filter>
    </ClCompile>
    <ClCompile Include="Element.cpp">
      <Filter>Level\PlayLevel\Object</Filter>
    </ClCompile>
    <ClCompile Include="TetrisElement.cpp">
      <Filter>Level\PlayLevel\Object\Tetris</Filter>
    </ClCompile>
    <ClCompile Include="PuyoElement.cpp">
      <Filter>Level\PlayLevel\Object\Puyo</Filter>
    </ClCompile>
    <ClCompile Include="PuyoBoard.cpp">
      <Filter>Level\PlayLevel\Object\Puyo</Filter>
    </ClCompile>
    <ClCompile Include="TetrisBoard.cpp">
      <Filter>Level\PlayLevel\Object\Tetris</Filter>
    </ClCompile>
    <ClCompile Include="TetrisElementBundle.cpp">
      <Filter>Level\PlayLevel\Object\Tetris</Filter>
    </ClCompile>
  </ItemGroup>
</Project>